{
  "name": "@gbesse/unity-jev-gateway",
  "version": "0.1.0",
  "lockfileVersion": 3,
  "requires": true,
  "packages": {
    "": {
      "name": "@gbesse/unity-jev-gateway",
      "version": "0.1.0",
      "dependencies": {
        "@gbesse/decisionpacks": "git+https://github.com/gbesse/decisionpacks.git#3c90b6e667c16653b9a6ae00b376df9bddbd8461"
      }
    },
    "node_modules/@gbesse/decisionpacks": {
      "version": "0.1.0",
      "resolved": "git+ssh://git@github.com/gbesse/decisionpacks.git#3c90b6e667c16653b9a6ae00b376df9bddbd8461",
      "integrity": "sha512-33VNJzp4nYf111ie5lknXEFK2IunhzfOnm/ENt+v5gOCSerdnxoeZXPHg6+rc1y3zoUFymUmCVEveUlnEwyZDQ==",
      "license": "MIT",
      "bin": {
        "decisionpacks": "bin/decisionpacks.mjs"
      },
      "engines": {
        "node": ">=22"
      }
    }
  }
}
